
Microsoft Visual Studio Solution File, Format Version 12.00
# Visual Studio Version 17
VisualStudioVersion = 17.10.34607.79
MinimumVisualStudioVersion = 10.0.40219.1
Project("{2150E333-8FDC-42A3-9474-1A3956D46DE8}") = "src", "src", "{938C98E4-FE3D-47F2-9C64-ACFE448CEF13}"
EndProject
Project("{2150E333-8FDC-42A3-9474-1A3956D46DE8}") = "corePackages", "corePackages", "{0A4E7DAB-60C0-4854-A8A8-88F7DB5B8821}"
EndProject
Project("{9A19103F-16F7-4668-BE54-9A1E7A4F7556}") = "Core.Application", "Core.Application\Core.Application.csproj", "{D1EB3256-767F-4924-AA78-37D29E72F96C}"
EndProject
Project("{9A19103F-16F7-4668-BE54-9A1E7A4F7556}") = "Core.CrossCuttingConcerns", "Core.CrossCuttingConcerns\Core.CrossCuttingConcerns.csproj", "{5BF71229-6A4B-4576-8261-C44F4EDE32FF}"
EndProject
Project("{9A19103F-16F7-4668-BE54-9A1E7A4F7556}") = "Core.ElesticSearch", "Core.ElesticSearch\Core.ElesticSearch.csproj", "{CF4C208E-3791-4949-98B5-BCD6C01DA66E}"
EndProject
Project("{9A19103F-16F7-4668-BE54-9A1E7A4F7556}") = "Core.Mailling", "Core.Mailling\Core.Mailling.csproj", "{532F6035-C7AE-4D02-A30D-1ECE3ECCE0FF}"
EndProject
Project("{9A19103F-16F7-4668-BE54-9A1E7A4F7556}") = "Core.Persistence", "Core.Persistence\Core.Persistence.csproj", "{25295A7B-B579-4C40-9A58-1159EB8CADB7}"
EndProject
Project("{9A19103F-16F7-4668-BE54-9A1E7A4F7556}") = "Core.Security", "Core.Security\Core.Security.csproj", "{ACF436B0-9083-4860-901C-17F13EA88789}"
EndProject
Project("{2150E333-8FDC-42A3-9474-1A3956D46DE8}") = "demoProjects", "demoProjects", "{1AC6417B-9089-4A07-8356-1EEDDE579F5B}"
EndProject
Project("{9A19103F-16F7-4668-BE54-9A1E7A4F7556}") = "Course.Application", "Course.Application\Course.Application.csproj", "{9ADD2AF6-0643-4F50-ACD2-63D4E4989770}"
EndProject
Project("{9A19103F-16F7-4668-BE54-9A1E7A4F7556}") = "Course.Domain", "Course.Domain\Course.Domain.csproj", "{C2D18DCF-2668-407A-8ABE-B86AC207C63E}"
EndProject
Project("{9A19103F-16F7-4668-BE54-9A1E7A4F7556}") = "Course.Infrastructure", "Course.Infrastructure\Course.Infrastructure.csproj", "{810D8D65-A168-460A-8492-13D6E4616B8C}"
EndProject
Project("{9A19103F-16F7-4668-BE54-9A1E7A4F7556}") = "Course.Persistence", "Course.Persistence\Course.Persistence.csproj", "{4E043406-7B55-4370-9F99-9A0A91B4A44A}"
EndProject
Project("{FAE04EC0-301F-11D3-BF4B-00C04F79EFBC}") = "Course.WebAPI", "Course.WebAPI\Course.WebAPI.csproj", "{F4B11687-82D9-4EB2-A728-E2CEFE97F5B9}"
EndProject
Global
	GlobalSection(SolutionConfigurationPlatforms) = preSolution
		Debug|Any CPU = Debug|Any CPU
		Release|Any CPU = Release|Any CPU
	EndGlobalSection
	GlobalSection(ProjectConfigurationPlatforms) = postSolution
		{D1EB3256-767F-4924-AA78-37D29E72F96C}.Debug|Any CPU.ActiveCfg = Debug|Any CPU
		{D1EB3256-767F-4924-AA78-37D29E72F96C}.Debug|Any CPU.Build.0 = Debug|Any CPU
		{D1EB3256-767F-4924-AA78-37D29E72F96C}.Release|Any CPU.ActiveCfg = Release|Any CPU
		{D1EB3256-767F-4924-AA78-37D29E72F96C}.Release|Any CPU.Build.0 = Release|Any CPU
		{5BF71229-6A4B-4576-8261-C44F4EDE32FF}.Debug|Any CPU.ActiveCfg = Debug|Any CPU
		{5BF71229-6A4B-4576-8261-C44F4EDE32FF}.Debug|Any CPU.Build.0 = Debug|Any CPU
		{5BF71229-6A4B-4576-8261-C44F4EDE32FF}.Release|Any CPU.ActiveCfg = Release|Any CPU
		{5BF71229-6A4B-4576-8261-C44F4EDE32FF}.Release|Any CPU.Build.0 = Release|Any CPU
		{CF4C208E-3791-4949-98B5-BCD6C01DA66E}.Debug|Any CPU.ActiveCfg = Debug|Any CPU
		{CF4C208E-3791-4949-98B5-BCD6C01DA66E}.Debug|Any CPU.Build.0 = Debug|Any CPU
		{CF4C208E-3791-4949-98B5-BCD6C01DA66E}.Release|Any CPU.ActiveCfg = Release|Any CPU
		{CF4C208E-3791-4949-98B5-BCD6C01DA66E}.Release|Any CPU.Build.0 = Release|Any CPU
		{532F6035-C7AE-4D02-A30D-1ECE3ECCE0FF}.Debug|Any CPU.ActiveCfg = Debug|Any CPU
		{532F6035-C7AE-4D02-A30D-1ECE3ECCE0FF}.Debug|Any CPU.Build.0 = Debug|Any CPU
		{532F6035-C7AE-4D02-A30D-1ECE3ECCE0FF}.Release|Any CPU.ActiveCfg = Release|Any CPU
		{532F6035-C7AE-4D02-A30D-1ECE3ECCE0FF}.Release|Any CPU.Build.0 = Release|Any CPU
		{25295A7B-B579-4C40-9A58-1159EB8CADB7}.Debug|Any CPU.ActiveCfg = Debug|Any CPU
		{25295A7B-B579-4C40-9A58-1159EB8CADB7}.Debug|Any CPU.Build.0 = Debug|Any CPU
		{25295A7B-B579-4C40-9A58-1159EB8CADB7}.Release|Any CPU.ActiveCfg = Release|Any CPU
		{25295A7B-B579-4C40-9A58-1159EB8CADB7}.Release|Any CPU.Build.0 = Release|Any CPU
		{ACF436B0-9083-4860-901C-17F13EA88789}.Debug|Any CPU.ActiveCfg = Debug|Any CPU
		{ACF436B0-9083-4860-901C-17F13EA88789}.Debug|Any CPU.Build.0 = Debug|Any CPU
		{ACF436B0-9083-4860-901C-17F13EA88789}.Release|Any CPU.ActiveCfg = Release|Any CPU
		{ACF436B0-9083-4860-901C-17F13EA88789}.Release|Any CPU.Build.0 = Release|Any CPU
		{9ADD2AF6-0643-4F50-ACD2-63D4E4989770}.Debug|Any CPU.ActiveCfg = Debug|Any CPU
		{9ADD2AF6-0643-4F50-ACD2-63D4E4989770}.Debug|Any CPU.Build.0 = Debug|Any CPU
		{9ADD2AF6-0643-4F50-ACD2-63D4E4989770}.Release|Any CPU.ActiveCfg = Release|Any CPU
		{9ADD2AF6-0643-4F50-ACD2-63D4E4989770}.Release|Any CPU.Build.0 = Release|Any CPU
		{C2D18DCF-2668-407A-8ABE-B86AC207C63E}.Debug|Any CPU.ActiveCfg = Debug|Any CPU
		{C2D18DCF-2668-407A-8ABE-B86AC207C63E}.Debug|Any CPU.Build.0 = Debug|Any CPU
		{C2D18DCF-2668-407A-8ABE-B86AC207C63E}.Release|Any CPU.ActiveCfg = Release|Any CPU
		{C2D18DCF-2668-407A-8ABE-B86AC207C63E}.Release|Any CPU.Build.0 = Release|Any CPU
		{810D8D65-A168-460A-8492-13D6E4616B8C}.Debug|Any CPU.ActiveCfg = Debug|Any CPU
		{810D8D65-A168-460A-8492-13D6E4616B8C}.Debug|Any CPU.Build.0 = Debug|Any CPU
		{810D8D65-A168-460A-8492-13D6E4616B8C}.Release|Any CPU.ActiveCfg = Release|Any CPU
		{810D8D65-A168-460A-8492-13D6E4616B8C}.Release|Any CPU.Build.0 = Release|Any CPU
		{4E043406-7B55-4370-9F99-9A0A91B4A44A}.Debug|Any CPU.ActiveCfg = Debug|Any CPU
		{4E043406-7B55-4370-9F99-9A0A91B4A44A}.Debug|Any CPU.Build.0 = Debug|Any CPU
		{4E043406-7B55-4370-9F99-9A0A91B4A44A}.Release|Any CPU.ActiveCfg = Release|Any CPU
		{4E043406-7B55-4370-9F99-9A0A91B4A44A}.Release|Any CPU.Build.0 = Release|Any CPU
		{F4B11687-82D9-4EB2-A728-E2CEFE97F5B9}.Debug|Any CPU.ActiveCfg = Debug|Any CPU
		{F4B11687-82D9-4EB2-A728-E2CEFE97F5B9}.Debug|Any CPU.Build.0 = Debug|Any CPU
		{F4B11687-82D9-4EB2-A728-E2CEFE97F5B9}.Release|Any CPU.ActiveCfg = Release|Any CPU
		{F4B11687-82D9-4EB2-A728-E2CEFE97F5B9}.Release|Any CPU.Build.0 = Release|Any CPU
	EndGlobalSection
	GlobalSection(SolutionProperties) = preSolution
		HideSolutionNode = FALSE
	EndGlobalSection
	GlobalSection(NestedProjects) = preSolution
		{0A4E7DAB-60C0-4854-A8A8-88F7DB5B8821} = {938C98E4-FE3D-47F2-9C64-ACFE448CEF13}
		{D1EB3256-767F-4924-AA78-37D29E72F96C} = {0A4E7DAB-60C0-4854-A8A8-88F7DB5B8821}
		{5BF71229-6A4B-4576-8261-C44F4EDE32FF} = {0A4E7DAB-60C0-4854-A8A8-88F7DB5B8821}
		{CF4C208E-3791-4949-98B5-BCD6C01DA66E} = {0A4E7DAB-60C0-4854-A8A8-88F7DB5B8821}
		{532F6035-C7AE-4D02-A30D-1ECE3ECCE0FF} = {0A4E7DAB-60C0-4854-A8A8-88F7DB5B8821}
		{25295A7B-B579-4C40-9A58-1159EB8CADB7} = {0A4E7DAB-60C0-4854-A8A8-88F7DB5B8821}
		{ACF436B0-9083-4860-901C-17F13EA88789} = {0A4E7DAB-60C0-4854-A8A8-88F7DB5B8821}
		{1AC6417B-9089-4A07-8356-1EEDDE579F5B} = {938C98E4-FE3D-47F2-9C64-ACFE448CEF13}
		{9ADD2AF6-0643-4F50-ACD2-63D4E4989770} = {1AC6417B-9089-4A07-8356-1EEDDE579F5B}
		{C2D18DCF-2668-407A-8ABE-B86AC207C63E} = {1AC6417B-9089-4A07-8356-1EEDDE579F5B}
		{810D8D65-A168-460A-8492-13D6E4616B8C} = {1AC6417B-9089-4A07-8356-1EEDDE579F5B}
		{4E043406-7B55-4370-9F99-9A0A91B4A44A} = {1AC6417B-9089-4A07-8356-1EEDDE579F5B}
		{F4B11687-82D9-4EB2-A728-E2CEFE97F5B9} = {1AC6417B-9089-4A07-8356-1EEDDE579F5B}
	EndGlobalSection
	GlobalSection(ExtensibilityGlobals) = postSolution
		SolutionGuid = {5DD6B872-DF7D-4B0F-B399-0B3EAC3093C1}
	EndGlobalSection
EndGlobal
